
Microsoft Visual Studio Solution File, Format Version 12.00
# Visual Studio Version 16
VisualStudioVersion = 16.0.30503.244
MinimumVisualStudioVersion = 10.0.40219.1
Project("{2150E333-8FDC-42A3-9474-1A3956D46DE8}") = "src", "src", "{AC85AF0C-5448-4A8B-980E-DF93CB588DF5}"
EndProject
Project("{2150E333-8FDC-42A3-9474-1A3956D46DE8}") = "Catalog", "Catalog", "{AE33C083-6BF3-4CD7-9055-A2759BE9FF2B}"
EndProject
Project("{9A19103F-16F7-4668-BE54-9A1E7A4F7556}") = "Catalog.API", "src\Catalog\Catalog.API\Catalog.API.csproj", "{E998916C-924B-43ED-AE4F-8DAABD5AE9E6}"
EndProject
Project("{E53339B2-1760-4266-BCC7-CA923CBCF16C}") = "docker-compose", "docker-compose.dcproj", "{DFA6E48E-0D28-4664-A0F7-28A59C01C453}"
EndProject
Project("{2150E333-8FDC-42A3-9474-1A3956D46DE8}") = "Basket", "Basket", "{51B909CF-BD8B-4593-B185-5A076A00A58C}"
EndProject
Project("{FAE04EC0-301F-11D3-BF4B-00C04F79EFBC}") = "Basket.API", "..\src\Basket\Basket.API\Basket.API.csproj", "{0D5EB8D1-2343-4054-BCE3-2A71394409C1}"
EndProject
Global
	GlobalSection(SolutionConfigurationPlatforms) = preSolution
		Debug|Any CPU = Debug|Any CPU
		Release|Any CPU = Release|Any CPU
	EndGlobalSection
	GlobalSection(ProjectConfigurationPlatforms) = postSolution
		{E998916C-924B-43ED-AE4F-8DAABD5AE9E6}.Debug|Any CPU.ActiveCfg = Debug|Any CPU
		{E998916C-924B-43ED-AE4F-8DAABD5AE9E6}.Debug|Any CPU.Build.0 = Debug|Any CPU
		{E998916C-924B-43ED-AE4F-8DAABD5AE9E6}.Release|Any CPU.ActiveCfg = Release|Any CPU
		{E998916C-924B-43ED-AE4F-8DAABD5AE9E6}.Release|Any CPU.Build.0 = Release|Any CPU
		{DFA6E48E-0D28-4664-A0F7-28A59C01C453}.Debug|Any CPU.ActiveCfg = Debug|Any CPU
		{DFA6E48E-0D28-4664-A0F7-28A59C01C453}.Debug|Any CPU.Build.0 = Debug|Any CPU
		{DFA6E48E-0D28-4664-A0F7-28A59C01C453}.Release|Any CPU.ActiveCfg = Release|Any CPU
		{DFA6E48E-0D28-4664-A0F7-28A59C01C453}.Release|Any CPU.Build.0 = Release|Any CPU
		{0D5EB8D1-2343-4054-BCE3-2A71394409C1}.Debug|Any CPU.ActiveCfg = Debug|Any CPU
		{0D5EB8D1-2343-4054-BCE3-2A71394409C1}.Debug|Any CPU.Build.0 = Debug|Any CPU
		{0D5EB8D1-2343-4054-BCE3-2A71394409C1}.Release|Any CPU.ActiveCfg = Release|Any CPU
		{0D5EB8D1-2343-4054-BCE3-2A71394409C1}.Release|Any CPU.Build.0 = Release|Any CPU
	EndGlobalSection
	GlobalSection(SolutionProperties) = preSolution
		HideSolutionNode = FALSE
	EndGlobalSection
	GlobalSection(NestedProjects) = preSolution
		{AE33C083-6BF3-4CD7-9055-A2759BE9FF2B} = {AC85AF0C-5448-4A8B-980E-DF93CB588DF5}
		{E998916C-924B-43ED-AE4F-8DAABD5AE9E6} = {AE33C083-6BF3-4CD7-9055-A2759BE9FF2B}
		{51B909CF-BD8B-4593-B185-5A076A00A58C} = {AC85AF0C-5448-4A8B-980E-DF93CB588DF5}
		{0D5EB8D1-2343-4054-BCE3-2A71394409C1} = {51B909CF-BD8B-4593-B185-5A076A00A58C}
	EndGlobalSection
	GlobalSection(ExtensibilityGlobals) = postSolution
		SolutionGuid = {7D336BDF-A629-451B-B2B2-2A241EE6E72A}
	EndGlobalSection
EndGlobal
