
Microsoft Visual Studio Solution File, Format Version 12.00
# Visual Studio Version 16
VisualStudioVersion = 16.0.30503.244
MinimumVisualStudioVersion = 10.0.40219.1
Project("{2150E333-8FDC-42A3-9474-1A3956D46DE8}") = "src", "src", "{AC85AF0C-5448-4A8B-980E-DF93CB588DF5}"
EndProject
Project("{2150E333-8FDC-42A3-9474-1A3956D46DE8}") = "Catalog", "Catalog", "{AE33C083-6BF3-4CD7-9055-A2759BE9FF2B}"
EndProject
Project("{9A19103F-16F7-4668-BE54-9A1E7A4F7556}") = "Catalog.API", "src\Catalog\Catalog.API\Catalog.API.csproj", "{E998916C-924B-43ED-AE4F-8DAABD5AE9E6}"
EndProject
Project("{E53339B2-1760-4266-BCC7-CA923CBCF16C}") = "docker-compose", "docker-compose.dcproj", "{DFA6E48E-0D28-4664-A0F7-28A59C01C453}"
EndProject
Project("{2150E333-8FDC-42A3-9474-1A3956D46DE8}") = "Basket", "Basket", "{51B909CF-BD8B-4593-B185-5A076A00A58C}"
EndProject
Project("{9A19103F-16F7-4668-BE54-9A1E7A4F7556}") = "Basket.API", "src\Basket\Basket.API\Basket.API.csproj", "{154FCF13-D49D-40C6-AC10-CB4C5A8F7FB1}"
EndProject
Project("{2150E333-8FDC-42A3-9474-1A3956D46DE8}") = "Common", "Common", "{FC82D0EC-DA75-420A-8C1D-BE9355B5CBFC}"
EndProject
Project("{9A19103F-16F7-4668-BE54-9A1E7A4F7556}") = "EventBusRabbitMQ", "src\Common\EventBusRabbitMQ\EventBusRabbitMQ.csproj", "{66675F09-05D2-4DDE-938A-362136E1A5F1}"
EndProject
Project("{2150E333-8FDC-42A3-9474-1A3956D46DE8}") = "Ordering", "Ordering", "{B4AE758F-7371-42C5-838F-C2BABDA5DA95}"
EndProject
Project("{FAE04EC0-301F-11D3-BF4B-00C04F79EFBC}") = "Ordering.API", "src\Ordering\Ordering.API\Ordering.API.csproj", "{30BEB6AD-55BD-4C60-9D11-E9AE39E24F66}"
EndProject
Project("{FAE04EC0-301F-11D3-BF4B-00C04F79EFBC}") = "Ordering.Core", "src\Ordering\Ordering.Core\Ordering.Core.csproj", "{2066D932-0A43-43DC-83CB-45567F16ABCB}"
EndProject
Project("{FAE04EC0-301F-11D3-BF4B-00C04F79EFBC}") = "Ordering.Infrastructure", "src\Ordering\Ordering.Infrastructure\Ordering.Infrastructure.csproj", "{E64B0CC8-3D7D-4F9F-ACA1-2A7220A1DDDE}"
EndProject
Project("{FAE04EC0-301F-11D3-BF4B-00C04F79EFBC}") = "Ordering.Application", "src\Ordering\Ordering.Application\Ordering.Application.csproj", "{A79AEC31-B15A-4106-8C08-EFACDBF9C16F}"
EndProject
Global
	GlobalSection(SolutionConfigurationPlatforms) = preSolution
		Debug|Any CPU = Debug|Any CPU
		Release|Any CPU = Release|Any CPU
	EndGlobalSection
	GlobalSection(ProjectConfigurationPlatforms) = postSolution
		{E998916C-924B-43ED-AE4F-8DAABD5AE9E6}.Debug|Any CPU.ActiveCfg = Debug|Any CPU
		{E998916C-924B-43ED-AE4F-8DAABD5AE9E6}.Debug|Any CPU.Build.0 = Debug|Any CPU
		{E998916C-924B-43ED-AE4F-8DAABD5AE9E6}.Release|Any CPU.ActiveCfg = Release|Any CPU
		{E998916C-924B-43ED-AE4F-8DAABD5AE9E6}.Release|Any CPU.Build.0 = Release|Any CPU
		{DFA6E48E-0D28-4664-A0F7-28A59C01C453}.Debug|Any CPU.ActiveCfg = Debug|Any CPU
		{DFA6E48E-0D28-4664-A0F7-28A59C01C453}.Debug|Any CPU.Build.0 = Debug|Any CPU
		{DFA6E48E-0D28-4664-A0F7-28A59C01C453}.Release|Any CPU.ActiveCfg = Release|Any CPU
		{DFA6E48E-0D28-4664-A0F7-28A59C01C453}.Release|Any CPU.Build.0 = Release|Any CPU
		{154FCF13-D49D-40C6-AC10-CB4C5A8F7FB1}.Debug|Any CPU.ActiveCfg = Debug|Any CPU
		{154FCF13-D49D-40C6-AC10-CB4C5A8F7FB1}.Debug|Any CPU.Build.0 = Debug|Any CPU
		{154FCF13-D49D-40C6-AC10-CB4C5A8F7FB1}.Release|Any CPU.ActiveCfg = Release|Any CPU
		{154FCF13-D49D-40C6-AC10-CB4C5A8F7FB1}.Release|Any CPU.Build.0 = Release|Any CPU
		{66675F09-05D2-4DDE-938A-362136E1A5F1}.Debug|Any CPU.ActiveCfg = Debug|Any CPU
		{66675F09-05D2-4DDE-938A-362136E1A5F1}.Debug|Any CPU.Build.0 = Debug|Any CPU
		{66675F09-05D2-4DDE-938A-362136E1A5F1}.Release|Any CPU.ActiveCfg = Release|Any CPU
		{66675F09-05D2-4DDE-938A-362136E1A5F1}.Release|Any CPU.Build.0 = Release|Any CPU
		{30BEB6AD-55BD-4C60-9D11-E9AE39E24F66}.Debug|Any CPU.ActiveCfg = Debug|Any CPU
		{30BEB6AD-55BD-4C60-9D11-E9AE39E24F66}.Debug|Any CPU.Build.0 = Debug|Any CPU
		{30BEB6AD-55BD-4C60-9D11-E9AE39E24F66}.Release|Any CPU.ActiveCfg = Release|Any CPU
		{30BEB6AD-55BD-4C60-9D11-E9AE39E24F66}.Release|Any CPU.Build.0 = Release|Any CPU
		{2066D932-0A43-43DC-83CB-45567F16ABCB}.Debug|Any CPU.ActiveCfg = Debug|Any CPU
		{2066D932-0A43-43DC-83CB-45567F16ABCB}.Debug|Any CPU.Build.0 = Debug|Any CPU
		{2066D932-0A43-43DC-83CB-45567F16ABCB}.Release|Any CPU.ActiveCfg = Release|Any CPU
		{2066D932-0A43-43DC-83CB-45567F16ABCB}.Release|Any CPU.Build.0 = Release|Any CPU
		{E64B0CC8-3D7D-4F9F-ACA1-2A7220A1DDDE}.Debug|Any CPU.ActiveCfg = Debug|Any CPU
		{E64B0CC8-3D7D-4F9F-ACA1-2A7220A1DDDE}.Debug|Any CPU.Build.0 = Debug|Any CPU
		{E64B0CC8-3D7D-4F9F-ACA1-2A7220A1DDDE}.Release|Any CPU.ActiveCfg = Release|Any CPU
		{E64B0CC8-3D7D-4F9F-ACA1-2A7220A1DDDE}.Release|Any CPU.Build.0 = Release|Any CPU
		{A79AEC31-B15A-4106-8C08-EFACDBF9C16F}.Debug|Any CPU.ActiveCfg = Debug|Any CPU
		{A79AEC31-B15A-4106-8C08-EFACDBF9C16F}.Debug|Any CPU.Build.0 = Debug|Any CPU
		{A79AEC31-B15A-4106-8C08-EFACDBF9C16F}.Release|Any CPU.ActiveCfg = Release|Any CPU
		{A79AEC31-B15A-4106-8C08-EFACDBF9C16F}.Release|Any CPU.Build.0 = Release|Any CPU
	EndGlobalSection
	GlobalSection(SolutionProperties) = preSolution
		HideSolutionNode = FALSE
	EndGlobalSection
	GlobalSection(NestedProjects) = preSolution
		{AE33C083-6BF3-4CD7-9055-A2759BE9FF2B} = {AC85AF0C-5448-4A8B-980E-DF93CB588DF5}
		{E998916C-924B-43ED-AE4F-8DAABD5AE9E6} = {AE33C083-6BF3-4CD7-9055-A2759BE9FF2B}
		{51B909CF-BD8B-4593-B185-5A076A00A58C} = {AC85AF0C-5448-4A8B-980E-DF93CB588DF5}
		{154FCF13-D49D-40C6-AC10-CB4C5A8F7FB1} = {51B909CF-BD8B-4593-B185-5A076A00A58C}
		{FC82D0EC-DA75-420A-8C1D-BE9355B5CBFC} = {AC85AF0C-5448-4A8B-980E-DF93CB588DF5}
		{66675F09-05D2-4DDE-938A-362136E1A5F1} = {FC82D0EC-DA75-420A-8C1D-BE9355B5CBFC}
		{B4AE758F-7371-42C5-838F-C2BABDA5DA95} = {AC85AF0C-5448-4A8B-980E-DF93CB588DF5}
		{30BEB6AD-55BD-4C60-9D11-E9AE39E24F66} = {B4AE758F-7371-42C5-838F-C2BABDA5DA95}
		{2066D932-0A43-43DC-83CB-45567F16ABCB} = {B4AE758F-7371-42C5-838F-C2BABDA5DA95}
		{E64B0CC8-3D7D-4F9F-ACA1-2A7220A1DDDE} = {B4AE758F-7371-42C5-838F-C2BABDA5DA95}
		{A79AEC31-B15A-4106-8C08-EFACDBF9C16F} = {B4AE758F-7371-42C5-838F-C2BABDA5DA95}
	EndGlobalSection
	GlobalSection(ExtensibilityGlobals) = postSolution
		SolutionGuid = {7D336BDF-A629-451B-B2B2-2A241EE6E72A}
	EndGlobalSection
EndGlobal
